
Microsoft Visual Studio Solution File, Format Version 12.00
# Visual Studio Version 17
VisualStudioVersion = 17.5.002.0
MinimumVisualStudioVersion = 10.0.40219.1
Project("{9A19103F-16F7-4668-BE54-9A1E7A4F7556}") = "MainGame", "MainGame\MainGame.csproj", "{B1B808ED-260B-42E3-B774-C90908061AA0}"
EndProject
Project("{9A19103F-16F7-4668-BE54-9A1E7A4F7556}") = "ApiCaller", "ApiCaller\ApiCaller.csproj", "{FCF7EF66-1524-425A-9198-3970152E5647}"
EndProject
Global
	GlobalSection(SolutionConfigurationPlatforms) = preSolution
		Debug|Any CPU = Debug|Any CPU
		Release|Any CPU = Release|Any CPU
	EndGlobalSection
	GlobalSection(ProjectConfigurationPlatforms) = postSolution
		{B1B808ED-260B-42E3-B774-C90908061AA0}.Debug|Any CPU.ActiveCfg = Debug|Any CPU
		{B1B808ED-260B-42E3-B774-C90908061AA0}.Debug|Any CPU.Build.0 = Debug|Any CPU
		{B1B808ED-260B-42E3-B774-C90908061AA0}.Release|Any CPU.ActiveCfg = Release|Any CPU
		{B1B808ED-260B-42E3-B774-C90908061AA0}.Release|Any CPU.Build.0 = Release|Any CPU
		{FCF7EF66-1524-425A-9198-3970152E5647}.Debug|Any CPU.ActiveCfg = Debug|Any CPU
		{FCF7EF66-1524-425A-9198-3970152E5647}.Debug|Any CPU.Build.0 = Debug|Any CPU
		{FCF7EF66-1524-425A-9198-3970152E5647}.Release|Any CPU.ActiveCfg = Release|Any CPU
		{FCF7EF66-1524-425A-9198-3970152E5647}.Release|Any CPU.Build.0 = Release|Any CPU
	EndGlobalSection
	GlobalSection(SolutionProperties) = preSolution
		HideSolutionNode = FALSE
	EndGlobalSection
	GlobalSection(ExtensibilityGlobals) = postSolution
		SolutionGuid = {3A2C12A5-B6A6-48EE-8E1A-1609BF3D0A0B}
	EndGlobalSection
EndGlobal
